version = 1
revision = 3
requires-python = ">=3.13"

[[package]]
name = "aidsoid-photo-organiser"
version = "0.1.0"
source = { editable = "." }
dependencies = [
    { name = "exifread" },
    { name = "ffmpeg-python" },
    { name = "pi-heif" },
    { name = "pillow" },
]

[package.dev-dependencies]
dev = [
    { name = "pyright" },
    { name = "pytest" },
    { name = "ruff" },
]

[package.metadata]
requires-dist = [
    { name = "exifread", specifier = ">=3.0.0" },
    { name = "ffmpeg-python", specifier = ">=0.2.0" },
    { name = "pi-heif", specifier = ">=1.2.0" },
    { name = "pillow", specifier = ">=11.1.0" },
]

[package.metadata.requires-dev]
dev = [
    { name = "pyright", specifier = "==1.1.408" },
    { name = "pytest", specifier = ">=9.0.2" },
    { name = "ruff", specifier = "==0.15.0" },
]

[[package]]
name = "colorama"
version = "0.4.6"
source = { registry = "https://pypi.org/simple" }
sdist = { url = "https://files.pythonhosted.org/packages/d8/53/6f443c9a4a8358a93a6792e2acffb9d9d5cb0a5cfd8802644b7b1c9a02e4/colorama-0.4.6.tar.gz", hash = "sha256:08695f5cb7ed6e0531a20572697297273c47b8cae5a63ffc6d6ed5c201be6e44", size = 27697, upload-time = "2022-10-25T02:36:22.414Z" }
wheels = [
    { url = "https://files.pythonhosted.org/packages/d1/d6/3965ed04c63042e047cb6a3e6ed1a63a35087b6a609aa3a15ed8ac56c221/colorama-0.4.6-py2.py3-none-any.whl", hash = "sha256:4f1d9991f5acc0ca119f9d443620b77f9d6b33703e51011c16baf57afb285fc6", size = 25335, upload-time = "2022-10-25T02:36:20.889Z" },
]

[[package]]
name = "exifread"
version = "3.0.0"
source = { registry = "https://pypi.org/simple" }
sdist = { url = "https://files.pythonhosted.org/packages/20/64/e8f40966ca766173fe57cc4de7d35492cf18949ced8b612924d48fa1d297/ExifRead-3.0.0.tar.gz", hash = "sha256:0ac5a364169dbdf2bd62f94f5c073970ab6694a3166177f5e448b10c943e2ca4", size = 39895, upload-time = "2022-05-08T17:15:56.122Z" }
wheels = [
    { url = "https://files.pythonhosted.org/packages/db/d6/189b0016ae8995ad94cd6e2573baf0c289ff862996821d4e42eb6a0206e3/ExifRead-3.0.0-py3-none-any.whl", hash = "sha256:2c5c59ef03b3bbee75b82b82d2498006b3c13509f35c9a76c7552faff73fa2d5", size = 40428, upload-time = "2022-05-08T18:39:38.175Z" },
]

[[package]]
name = "ffmpeg-python"
version = "0.2.0"
source = { registry = "https://pypi.org/simple" }
dependencies = [
    { name = "future" },
]
sdist = { url = "https://files.pythonhosted.org/packages/dd/5e/d5f9105d59c1325759d838af4e973695081fbbc97182baf73afc78dec266/ffmpeg-python-0.2.0.tar.gz", hash = "sha256:65225db34627c578ef0e11c8b1eb528bb35e024752f6f10b78c011f6f64c4127", size = 21543, upload-time = "2019-07-06T00:19:08.989Z" }
wheels = [
    { url = "https://files.pythonhosted.org/packages/d7/0c/56be52741f75bad4dc6555991fabd2e07b432d333da82c11ad701123888a/ffmpeg_python-0.2.0-py3-none-any.whl", hash = "sha256:ac441a0404e053f8b6a1113a77c0f452f1cfc62f6344a769475ffdc0f56c23c5", size = 25024, upload-time = "2019-07-06T00:19:07.215Z" },
]

[[package]]
name = "future"
version = "1.0.0"
source = { registry = "https://pypi.org/simple" }
sdist = { url = "https://files.pythonhosted.org/packages/a7/b2/4140c69c6a66432916b26158687e821ba631a4c9273c474343badf84d3ba/future-1.0.0.tar.gz", hash = "sha256:bd2968309307861edae1458a4f8a4f3598c03be43b97521076aebf5d94c07b05", size = 1228490, upload-time = "2024-02-21T11:52:38.461Z" }
wheels = [
    { url = "https://files.pythonhosted.org/packages/da/71/ae30dadffc90b9006d77af76b393cb9dfbfc9629f339fc1574a1c52e6806/future-1.0.0-py3-none-any.whl", hash = "sha256:929292d34f5872e70396626ef385ec22355a1fae8ad29e1a734c3e43f9fbc216", size = 491326, upload-time = "2024-02-21T11:52:35.956Z" },
]

[[package]]
name = "iniconfig"
version = "2.3.0"
source = { registry = "https://pypi.org/simple" }
sdist = { url = "https://files.pythonhosted.org/packages/72/34/14ca021ce8e5dfedc35312d08ba8bf51fdd999c576889fc2c24cb97f4f10/iniconfig-2.3.0.tar.gz", hash = "sha256:c76315c77db068650d49c5b56314774a7804df16fee4402c1f19d6d15d8c4730", size = 20503, upload-time = "2025-10-18T21:55:43.219Z" }
wheels = [
    { url = "https://files.pythonhosted.org/packages/cb/b1/3846dd7f199d53cb17f49cba7e651e9ce294d8497c8c150530ed11865bb8/iniconfig-2.3.0-py3-none-any.whl", hash = "sha256:f631c04d2c48c52b84d0d0549c99ff3859c98df65b3101406327ecc7d53fbf12", size = 7484, upload-time = "2025-10-18T21:55:41.639Z" },
]

[[package]]
name = "nodeenv"
version = "1.10.0"
source = { registry = "https://pypi.org/simple" }
sdist = { url = "https://files.pythonhosted.org/packages/24/bf/d1bda4f6168e0b2e9e5958945e01910052158313224ada5ce1fb2e1113b8/nodeenv-1.10.0.tar.gz", hash = "sha256:996c191ad80897d076bdfba80a41994c2b47c68e224c542b48feba42ba00f8bb", size = 55611, upload-time = "2025-12-20T14:08:54.006Z" }
wheels = [
    { url = "https://files.pythonhosted.org/packages/88/b2/d0896bdcdc8d28a7fc5717c305f1a861c26e18c05047949fb371034d98bd/nodeenv-1.10.0-py2.py3-none-any.whl", hash = "sha256:5bb13e3eed2923615535339b3c620e76779af4cb4c6a90deccc9e36b274d3827", size = 23438, upload-time = "2025-12-20T14:08:52.782Z" },
]

[[package]]
name = "packaging"
version = "26.0"
source = { registry = "https://pypi.org/simple" }
sdist = { url = "https://files.pythonhosted.org/packages/65/ee/299d360cdc32edc7d2cf530f3accf79c4fca01e96ffc950d8a52213bd8e4/packaging-26.0.tar.gz", hash = "sha256:00243ae351a257117b6a241061796684b084ed1c516a08c48a3f7e147a9d80b4", size = 143416, upload-time = "2026-01-21T20:50:39.064Z" }
wheels = [
    { url = "https://files.pythonhosted.org/packages/b7/b9/c538f279a4e237a006a2c98387d081e9eb060d203d8ed34467cc0f0b9b53/packaging-26.0-py3-none-any.whl", hash = "sha256:b36f1fef9334a5588b4166f8bcd26a14e521f2b55e6b9de3aaa80d3ff7a37529", size = 74366, upload-time = "2026-01-21T20:50:37.788Z" },
]

[[package]]
name = "pi-heif"
version = "1.2.0"
source = { registry = "https://pypi.org/simple" }
dependencies = [
    { name = "pillow" },
]
sdist = { url = "https://files.pythonhosted.org/packages/c5/0b/0c97767b8171c7f9f0584c0a70e7b86655a1898c2f5b8ae04a69f4e481a1/pi_heif-1.2.0.tar.gz", hash = "sha256:52bbbc8c30b803288a9f1bb02e4575797940fdc1f5091fce743c699e812418cc", size = 17126431, upload-time = "2026-01-23T07:36:26.924Z" }
wheels = [
    { url = "https://files.pythonhosted.org/packages/36/a9/2c0cc22e4649055b95e5765dadaaff133177c40754ed5a0a434d8d88ceeb/pi_heif-1.2.0-cp313-cp313-macosx_10_15_x86_64.whl", hash = "sha256:06947b98598026cf71df9ab841a17bd2cf0da704789e4fff73311d79539d6cc5", size = 1046774, upload-time = "2026-01-23T07:35:58.182Z" },
    { url = "https://files.pythonhosted.org/packages/5e/71/a4774de12b5e9bf576b013d81f2e8001f2b1fd81b6368e0e20d220c92e6a/pi_heif-1.2.0-cp313-cp313-macosx_11_0_arm64.whl", hash = "sha256:3b7bdefbf3bec7dd644bc8e17810d1f658db2ee60f35ef3943fcb9b435aca479", size = 941879, upload-time = "2026-01-23T07:35:59.66Z" },
    { url = "https://files.pythonhosted.org/packages/66/c6/5c58d3083adfd9b6f9753431d398842120bdbc33d3815bb561aeea669da0/pi_heif-1.2.0-cp313-cp313-manylinux_2_26_aarch64.manylinux_2_28_aarch64.whl", hash = "sha256:1ad88e50bcb0aa25f9febde017ce7fce6801d927f032c1983d6846ead106c50e", size = 1360283, upload-time = "2026-01-23T07:36:00.835Z" },
    { url = "https://files.pythonhosted.org/packages/0b/24/40ecac0eb3c046a4afcf30ef187f45bf640bd7a30506f2f678ee4b25f7f2/pi_heif-1.2.0-cp313-cp313-manylinux_2_27_x86_64.manylinux_2_28_x86_64.whl", hash = "sha256:2c90cf1238c75fb118eaeedf573fca833fef9ace8788c527f76758ac038e262d", size = 1488814, upload-time = "2026-01-23T07:36:02.351Z" },
    { url = "https://files.pythonhosted.org/packages/06/73/85265720fd58c72cd1c96eac47a27bdf8d2c88845fa4644b92b16e8d3340/pi_heif-1.2.0-cp313-cp313-musllinux_1_2_aarch64.whl", hash = "sha256:b4c4fc7a877807ef7f156f26ae920074d1f40a96868a5962ead743049b7c96c8", size = 2342994, upload-time = "2026-01-23T07:36:03.782Z" },
    { url = "https://files.pythonhosted.org/packages/be/9f/d00b4466382ecdd06cb11695c75d434856cf58504b1bfc1c0899a838cdb5/pi_heif-1.2.0-cp313-cp313-musllinux_1_2_x86_64.whl", hash = "sha256:eb7f0fcdbc80ae75b0881ee1e63d1e8b873df72ff2bdd154d500d6d0644d22e2", size = 2507054, upload-time = "2026-01-23T07:36:05.085Z" },
    { url = "https://files.pythonhosted.org/packages/2d/7b/bd32ef8e2b4121f4375788420a5c972345d595923774d1cd642fac34ae76/pi_heif-1.2.0-cp313-cp313-win_amd64.whl", hash = "sha256:7c49b1411c4e5f08677a5442048d896f6d1bc66469b556f930f0e658ae18800f", size = 1946543, upload-time = "2026-01-23T07:36:06.469Z" },
    { url = "https://files.pythonhosted.org/packages/f6/b5/fcf63fc20a1513062671a40348248d992b0c50c37112b2e155347ffbb5a1/pi_heif-1.2.0-cp314-cp314-macosx_10_15_x86_64.whl", hash = "sha256:cde6e4ebfdae0044d2852036d7f4f2399f8f89923501eceaecc564efc6a82899", size = 1046814, upload-time = "2026-01-23T07:36:08.071Z" },
    { url = "https://files.pythonhosted.org/packages/8d/d9/bb7e517d96725bcc0fb16151b49d752f23d069440dcfa24e9acca55617e1/pi_heif-1.2.0-cp314-cp314-macosx_11_0_arm64.whl", hash = "sha256:3e51c6a56868be96534bd04c521637c71ad39b7a65a5aaa297adebe7e2d15ffb", size = 941968, upload-time = "2026-01-23T07:36:09.97Z" },
    { url = "https://files.pythonhosted.org/packages/41/82/b52a5f4e24dfb7b7a90841637b7668b13156e36bea31ecc8f0695bb53fc6/pi_heif-1.2.0-cp314-cp314-manylinux_2_26_aarch64.manylinux_2_28_aarch64.whl", hash = "sha256:b663f82cc3c87e315977577e6d267ecce2a17c96a766aae3fd807abc0ab45900", size = 1360470, upload-time = "2026-01-23T07:36:11.16Z" },
    { url = "https://files.pythonhosted.org/packages/c0/1a/de369800616a00b1e1237563d8cea44da43912c31ec3ce7aa38b393ac0bd/pi_heif-1.2.0-cp314-cp314-manylinux_2_27_x86_64.manylinux_2_28_x86_64.whl", hash = "sha256:f5e62c54ba42ca4d74fba84f92668e6bf825f4b827fb182b5e22244a2e2fb1b3", size = 1488949, upload-time = "2026-01-23T07:36:12.859Z" },
    { url = "https://files.pythonhosted.org/packages/9f/ee/6fc4cec1a9fa71897b7664880d6f681e22bfddfb9364db847405fbee8fc3/pi_heif-1.2.0-cp314-cp314-musllinux_1_2_aarch64.whl", hash = "sha256:bc0fa16a0751aba3a3d5fb222fd5587a789dd79a675ddf0532de5ec090e0003a", size = 2343115, upload-time = "2026-01-23T07:36:14.147Z" },
    { url = "https://files.pythonhosted.org/packages/26/28/74736d7d0fc3efea3cc5b82a5a310fcbc0dc6157844e4015e1bcf7222498/pi_heif-1.2.0-cp314-cp314-musllinux_1_2_x86_64.whl", hash = "sha256:fe00abdb62faf1a37ef77d01ed7b0302196897a47da1fc14758ae1522a705733", size = 2507162, upload-time = "2026-01-23T07:36:15.634Z" },
    { url = "https://files.pythonhosted.org/packages/e9/a2/e8448a7bcc186585d077f06abc2127aec9df66dff658de97f132df4698dd/pi_heif-1.2.0-cp314-cp314-win_amd64.whl", hash = "sha256:582b6ca24e6cbcee3f322d8dbebd946c52c40f5a8b96b9f4616f9eba4ba76d11", size = 2015135, upload-time = "2026-01-23T07:36:16.948Z" },
]

[[package]]
name = "pillow"
version = "12.1.1"
source = { registry = "https://pypi.org/simple" }
sdist = { url = "https://files.pythonhosted.org/packages/1f/42/5c74462b4fd957fcd7b13b04fb3205ff8349236ea74c7c375766d6c82288/pillow-12.1.1.tar.gz", hash = "sha256:9ad8fa5937ab05218e2b6a4cff30295ad35afd2f83ac592e68c0d871bb0fdbc4", size = 46980264, upload-time = "2026-02-11T04:23:07.146Z" }
wheels = [
    { url = "https://files.pythonhosted.org/packages/d5/11/6db24d4bd7685583caeae54b7009584e38da3c3d4488ed4cd25b439de486/pillow-12.1.1-cp313-cp313-ios_13_0_arm64_iphoneos.whl", hash = "sha256:d242e8ac078781f1de88bf823d70c1a9b3c7950a44cdf4b7c012e22ccbcd8e4e", size = 4062689, upload-time = "2026-02-11T04:21:06.804Z" },
    { url = "https://files.pythonhosted.org/packages/33/c0/ce6d3b1fe190f0021203e0d9b5b99e57843e345f15f9ef22fcd43842fd21/pillow-12.1.1-cp313-cp313-ios_13_0_arm64_iphonesimulator.whl", hash = "sha256:02f84dfad02693676692746df05b89cf25597560db2857363a208e393429f5e9", size = 4138535, upload-time = "2026-02-11T04:21:08.452Z" },
    { url = "https://files.pythonhosted.org/packages/a0/c6/d5eb6a4fb32a3f9c21a8c7613ec706534ea1cf9f4b3663e99f0d83f6fca8/pillow-12.1.1-cp313-cp313-ios_13_0_x86_64_iphonesimulator.whl", hash = "sha256:e65498daf4b583091ccbb2556c7000abf0f3349fcd57ef7adc9a84a394ed29f6", size = 3601364, upload-time = "2026-02-11T04:21:10.194Z" },
    { url = "https://files.pythonhosted.org/packages/14/a1/16c4b823838ba4c9c52c0e6bbda903a3fe5a1bdbf1b8eb4fff7156f3e318/pillow-12.1.1-cp313-cp313-macosx_10_13_x86_64.whl", hash = "sha256:6c6db3b84c87d48d0088943bf33440e0c42370b99b1c2a7989216f7b42eede60", size = 5262561, upload-time = "2026-02-11T04:21:11.742Z" },
    { url = "https://files.pythonhosted.org/packages/bb/ad/ad9dc98ff24f485008aa5cdedaf1a219876f6f6c42a4626c08bc4e80b120/pillow-12.1.1-cp313-cp313-macosx_11_0_arm64.whl", hash = "sha256:8b7e5304e34942bf62e15184219a7b5ad4ff7f3bb5cca4d984f37df1a0e1aee2", size = 4657460, upload-time = "2026-02-11T04:21:13.786Z" },
    { url = "https://files.pythonhosted.org/packages/9e/1b/f1a4ea9a895b5732152789326202a82464d5254759fbacae4deea3069334/pillow-12.1.1-cp313-cp313-manylinux2014_aarch64.manylinux_2_17_aarch64.whl", hash = "sha256:18e5bddd742a44b7e6b1e773ab5db102bd7a94c32555ba656e76d319d19c3850", size = 6232698, upload-time = "2026-02-11T04:21:15.949Z" },
    { url = "https://files.pythonhosted.org/packages/95/f4/86f51b8745070daf21fd2e5b1fe0eb35d4db9ca26e6d58366562fb56a743/pillow-12.1.1-cp313-cp313-manylinux2014_x86_64.manylinux_2_17_x86_64.whl", hash = "sha256:fc44ef1f3de4f45b50ccf9136999d71abb99dca7706bc75d222ed350b9fd2289", size = 8041706, upload-time = "2026-02-11T04:21:17.723Z" },
    { url = "https://files.pythonhosted.org/packages/29/9b/d6ecd956bb1266dd1045e995cce9b8d77759e740953a1c9aad9502a0461e/pillow-12.1.1-cp313-cp313-manylinux_2_27_aarch64.manylinux_2_28_aarch64.whl", hash = "sha256:5a8eb7ed8d4198bccbd07058416eeec51686b498e784eda166395a23eb99138e", size = 6346621, upload-time = "2026-02-11T04:21:19.547Z" },
    { url = "https://files.pythonhosted.org/packages/71/24/538bff45bde96535d7d998c6fed1a751c75ac7c53c37c90dc2601b243893/pillow-12.1.1-cp313-cp313-manylinux_2_27_x86_64.manylinux_2_28_x86_64.whl", hash = "sha256:47b94983da0c642de92ced1702c5b6c292a84bd3a8e1d1702ff923f183594717", size = 7038069, upload-time = "2026-02-11T04:21:21.378Z" },
    { url = "https://files.pythonhosted.org/packages/94/0e/58cb1a6bc48f746bc4cb3adb8cabff73e2742c92b3bf7a220b7cf69b9177/pillow-12.1.1-cp313-cp313-musllinux_1_2_aarch64.whl", hash = "sha256:518a48c2aab7ce596d3bf79d0e275661b846e86e4d0e7dec34712c30fe07f02a", size = 6460040, upload-time = "2026-02-11T04:21:23.148Z" },
    { url = "https://files.pythonhosted.org/packages/6c/57/9045cb3ff11eeb6c1adce3b2d60d7d299d7b273a2e6c8381a524abfdc474/pillow-12.1.1-cp313-cp313-musllinux_1_2_x86_64.whl", hash = "sha256:a550ae29b95c6dc13cf69e2c9dc5747f814c54eeb2e32d683e5e93af56caa029", size = 7164523, upload-time = "2026-02-11T04:21:25.01Z" },
    { url = "https://files.pythonhosted.org/packages/73/f2/9be9cb99f2175f0d4dbadd6616ce1bf068ee54a28277ea1bf1fbf729c250/pillow-12.1.1-cp313-cp313-win32.whl", hash = "sha256:a003d7422449f6d1e3a34e3dd4110c22148336918ddbfc6a32581cd54b2e0b2b", size = 6332552, upload-time = "2026-02-11T04:21:27.238Z" },
    { url = "https://files.pythonhosted.org/packages/3f/eb/b0834ad8b583d7d9d42b80becff092082a1c3c156bb582590fcc973f1c7c/pillow-12.1.1-cp313-cp313-win_amd64.whl", hash = "sha256:344cf1e3dab3be4b1fa08e449323d98a2a3f819ad20f4b22e77a0ede31f0faa1", size = 7040108, upload-time = "2026-02-11T04:21:29.462Z" },
    { url = "https://files.pythonhosted.org/packages/d5/7d/fc09634e2aabdd0feabaff4a32f4a7d97789223e7c2042fd805ea4b4d2c2/pillow-12.1.1-cp313-cp313-win_arm64.whl", hash = "sha256:5c0dd1636633e7e6a0afe7bf6a51a14992b7f8e60de5789018ebbdfae55b040a", size = 2453712, upload-time = "2026-02-11T04:21:31.072Z" },
    { url = "https://files.pythonhosted.org/packages/19/2a/b9d62794fc8a0dd14c1943df68347badbd5511103e0d04c035ffe5cf2255/pillow-12.1.1-cp313-cp313t-macosx_10_13_x86_64.whl", hash = "sha256:0330d233c1a0ead844fc097a7d16c0abff4c12e856c0b325f231820fee1f39da", size = 5264880, upload-time = "2026-02-11T04:21:32.865Z" },
    { url = "https://files.pythonhosted.org/packages/26/9d/e03d857d1347fa5ed9247e123fcd2a97b6220e15e9cb73ca0a8d91702c6e/pillow-12.1.1-cp313-cp313t-macosx_11_0_arm64.whl", hash = "sha256:5dae5f21afb91322f2ff791895ddd8889e5e947ff59f71b46041c8ce6db790bc", size = 4660616, upload-time = "2026-02-11T04:21:34.97Z" },
    { url = "https://files.pythonhosted.org/packages/f7/ec/8a6d22afd02570d30954e043f09c32772bfe143ba9285e2fdb11284952cd/pillow-12.1.1-cp313-cp313t-manylinux2014_aarch64.manylinux_2_17_aarch64.whl", hash = "sha256:2e0c664be47252947d870ac0d327fea7e63985a08794758aa8af5b6cb6ec0c9c", size = 6269008, upload-time = "2026-02-11T04:21:36.623Z" },
    { url = "https://files.pythonhosted.org/packages/3d/1d/6d875422c9f28a4a361f495a5f68d9de4a66941dc2c619103ca335fa6446/pillow-12.1.1-cp313-cp313t-manylinux2014_x86_64.manylinux_2_17_x86_64.whl", hash = "sha256:691ab2ac363b8217f7d31b3497108fb1f50faab2f75dfb03284ec2f217e87bf8", size = 8073226, upload-time = "2026-02-11T04:21:38.585Z" },
    { url = "https://files.pythonhosted.org/packages/a1/cd/134b0b6ee5eda6dc09e25e24b40fdafe11a520bc725c1d0bbaa5e00bf95b/pillow-12.1.1-cp313-cp313t-manylinux_2_27_aarch64.manylinux_2_28_aarch64.whl", hash = "sha256:e9e8064fb1cc019296958595f6db671fba95209e3ceb0c4734c9baf97de04b20", size = 6380136, upload-time = "2026-02-11T04:21:40.562Z" },
    { url = "https://files.pythonhosted.org/packages/7a/a9/7628f013f18f001c1b98d8fffe3452f306a70dc6aba7d931019e0492f45e/pillow-12.1.1-cp313-cp313t-manylinux_2_27_x86_64.manylinux_2_28_x86_64.whl", hash = "sha256:472a8d7ded663e6162dafdf20015c486a7009483ca671cece7a9279b512fcb13", size = 7067129, upload-time = "2026-02-11T04:21:42.521Z" },
    { url = "https://files.pythonhosted.org/packages/1e/f8/66ab30a2193b277785601e82ee2d49f68ea575d9637e5e234faaa98efa4c/pillow-12.1.1-cp313-cp313t-musllinux_1_2_aarch64.whl", hash = "sha256:89b54027a766529136a06cfebeecb3a04900397a3590fd252160b888479517bf", size = 6491807, upload-time = "2026-02-11T04:21:44.22Z" },
    { url = "https://files.pythonhosted.org/packages/da/0b/a877a6627dc8318fdb84e357c5e1a758c0941ab1ddffdafd231983788579/pillow-12.1.1-cp313-cp313t-musllinux_1_2_x86_64.whl", hash = "sha256:86172b0831b82ce4f7877f280055892b31179e1576aa00d0df3bb1bbf8c3e524", size = 7190954, upload-time = "2026-02-11T04:21:46.114Z" },
    { url = "https://files.pythonhosted.org/packages/83/43/6f732ff85743cf746b1361b91665d9f5155e1483817f693f8d57ea93147f/pillow-12.1.1-cp313-cp313t-win32.whl", hash = "sha256:44ce27545b6efcf0fdbdceb31c9a5bdea9333e664cda58a7e674bb74608b3986", size = 6336441, upload-time = "2026-02-11T04:21:48.22Z" },
    { url = "https://files.pythonhosted.org/packages/3b/44/e865ef3986611bb75bfabdf94a590016ea327833f434558801122979cd0e/pillow-12.1.1-cp313-cp313t-win_amd64.whl", hash = "sha256:a285e3eb7a5a45a2ff504e31f4a8d1b12ef62e84e5411c6804a42197c1cf586c", size = 7045383, upload-time = "2026-02-11T04:21:50.015Z" },
    { url = "https://files.pythonhosted.org/packages/a8/c6/f4fb24268d0c6908b9f04143697ea18b0379490cb74ba9e8d41b898bd005/pillow-12.1.1-cp313-cp313t-win_arm64.whl", hash = "sha256:cc7d296b5ea4d29e6570dabeaed58d31c3fea35a633a69679fb03d7664f43fb3", size = 2456104, upload-time = "2026-02-11T04:21:51.633Z" },
    { url = "https://files.pythonhosted.org/packages/03/d0/bebb3ffbf31c5a8e97241476c4cf8b9828954693ce6744b4a2326af3e16b/pillow-12.1.1-cp314-cp314-ios_13_0_arm64_iphoneos.whl", hash = "sha256:417423db963cb4be8bac3fc1204fe61610f6abeed1580a7a2cbb2fbda20f12af", size = 4062652, upload-time = "2026-02-11T04:21:53.19Z" },
    { url = "https://files.pythonhosted.org/packages/2d/c0/0e16fb0addda4851445c28f8350d8c512f09de27bbb0d6d0bbf8b6709605/pillow-12.1.1-cp314-cp314-ios_13_0_arm64_iphonesimulator.whl", hash = "sha256:b957b71c6b2387610f556a7eb0828afbe40b4a98036fc0d2acfa5a44a0c2036f", size = 4138823, upload-time = "2026-02-11T04:22:03.088Z" },
    { url = "https://files.pythonhosted.org/packages/6b/fb/6170ec655d6f6bb6630a013dd7cf7bc218423d7b5fa9071bf63dc32175ae/pillow-12.1.1-cp314-cp314-ios_13_0_x86_64_iphonesimulator.whl", hash = "sha256:097690ba1f2efdeb165a20469d59d8bb03c55fb6621eb2041a060ae8ea3e9642", size = 3601143, upload-time = "2026-02-11T04:22:04.909Z" },
    { url = "https://files.pythonhosted.org/packages/59/04/dc5c3f297510ba9a6837cbb318b87dd2b8f73eb41a43cc63767f65cb599c/pillow-12.1.1-cp314-cp314-macosx_10_15_x86_64.whl", hash = "sha256:2815a87ab27848db0321fb78c7f0b2c8649dee134b7f2b80c6a45c6831d75ccd", size = 5266254, upload-time = "2026-02-11T04:22:07.656Z" },
    { url = "https://files.pythonhosted.org/packages/05/30/5db1236b0d6313f03ebf97f5e17cda9ca060f524b2fcc875149a8360b21c/pillow-12.1.1-cp314-cp314-macosx_11_0_arm64.whl", hash = "sha256:f7ed2c6543bad5a7d5530eb9e78c53132f93dfa44a28492db88b41cdab885202", size = 4657499, upload-time = "2026-02-11T04:22:09.613Z" },
    { url = "https://files.pythonhosted.org/packages/6f/18/008d2ca0eb612e81968e8be0bbae5051efba24d52debf930126d7eaacbba/pillow-12.1.1-cp314-cp314-manylinux2014_aarch64.manylinux_2_17_aarch64.whl", hash = "sha256:652a2c9ccfb556235b2b501a3a7cf3742148cd22e04b5625c5fe057ea3e3191f", size = 6232137, upload-time = "2026-02-11T04:22:11.434Z" },
    { url = "https://files.pythonhosted.org/packages/70/f1/f14d5b8eeb4b2cd62b9f9f847eb6605f103df89ef619ac68f92f748614ea/pillow-12.1.1-cp314-cp314-manylinux2014_x86_64.manylinux_2_17_x86_64.whl", hash = "sha256:d6e4571eedf43af33d0fc233a382a76e849badbccdf1ac438841308652a08e1f", size = 8042721, upload-time = "2026-02-11T04:22:13.321Z" },
    { url = "https://files.pythonhosted.org/packages/5a/d6/17824509146e4babbdabf04d8171491fa9d776f7061ff6e727522df9bd03/pillow-12.1.1-cp314-cp314-manylinux_2_27_aarch64.manylinux_2_28_aarch64.whl", hash = "sha256:b574c51cf7d5d62e9be37ba446224b59a2da26dc4c1bb2ecbe936a4fb1a7cb7f", size = 6347798, upload-time = "2026-02-11T04:22:15.449Z" },
    { url = "https://files.pythonhosted.org/packages/d1/ee/c85a38a9ab92037a75615aba572c85ea51e605265036e00c5b67dfafbfe2/pillow-12.1.1-cp314-cp314-manylinux_2_27_x86_64.manylinux_2_28_x86_64.whl", hash = "sha256:a37691702ed687799de29a518d63d4682d9016932db66d4e90c345831b02fb4e", size = 7039315, upload-time = "2026-02-11T04:22:17.24Z" },
    { url = "https://files.pythonhosted.org/packages/ec/f3/bc8ccc6e08a148290d7523bde4d9a0d6c981db34631390dc6e6ec34cacf6/pillow-12.1.1-cp314-cp314-musllinux_1_2_aarch64.whl", hash = "sha256:f95c00d5d6700b2b890479664a06e754974848afaae5e21beb4d83c106923fd0", size = 6462360, upload-time = "2026-02-11T04:22:19.111Z" },
    { url = "https://files.pythonhosted.org/packages/f6/ab/69a42656adb1d0665ab051eec58a41f169ad295cf81ad45406963105408f/pillow-12.1.1-cp314-cp314-musllinux_1_2_x86_64.whl", hash = "sha256:559b38da23606e68681337ad74622c4dbba02254fc9cb4488a305dd5975c7eeb", size = 7165438, upload-time = "2026-02-11T04:22:21.041Z" },
    { url = "https://files.pythonhosted.org/packages/02/46/81f7aa8941873f0f01d4b55cc543b0a3d03ec2ee30d617a0448bf6bd6dec/pillow-12.1.1-cp314-cp314-win32.whl", hash = "sha256:03edcc34d688572014ff223c125a3f77fb08091e4607e7745002fc214070b35f", size = 6431503, upload-time = "2026-02-11T04:22:22.833Z" },
    { url = "https://files.pythonhosted.org/packages/40/72/4c245f7d1044b67affc7f134a09ea619d4895333d35322b775b928180044/pillow-12.1.1-cp314-cp314-win_amd64.whl", hash = "sha256:50480dcd74fa63b8e78235957d302d98d98d82ccbfac4c7e12108ba9ecbdba15", size = 7176748, upload-time = "2026-02-11T04:22:24.64Z" },
    { url = "https://files.pythonhosted.org/packages/e4/ad/8a87bdbe038c5c698736e3348af5c2194ffb872ea52f11894c95f9305435/pillow-12.1.1-cp314-cp314-win_arm64.whl", hash = "sha256:5cb1785d97b0c3d1d1a16bc1d710c4a0049daefc4935f3a8f31f827f4d3d2e7f", size = 2544314, upload-time = "2026-02-11T04:22:26.685Z" },
    { url = "https://files.pythonhosted.org/packages/6c/9d/efd18493f9de13b87ede7c47e69184b9e859e4427225ea962e32e56a49bc/pillow-12.1.1-cp314-cp314t-macosx_10_15_x86_64.whl", hash = "sha256:1f90cff8aa76835cba5769f0b3121a22bd4eb9e6884cfe338216e557a9a548b8", size = 5268612, upload-time = "2026-02-11T04:22:29.884Z" },
    { url = "https://files.pythonhosted.org/packages/f8/f1/4f42eb2b388eb2ffc660dcb7f7b556c1015c53ebd5f7f754965ef997585b/pillow-12.1.1-cp314-cp314t-macosx_11_0_arm64.whl", hash = "sha256:1f1be78ce9466a7ee64bfda57bdba0f7cc499d9794d518b854816c41bf0aa4e9", size = 4660567, upload-time = "2026-02-11T04:22:31.799Z" },
    { url = "https://files.pythonhosted.org/packages/01/54/df6ef130fa43e4b82e32624a7b821a2be1c5653a5fdad8469687a7db4e00/pillow-12.1.1-cp314-cp314t-manylinux2014_aarch64.manylinux_2_17_aarch64.whl", hash = "sha256:42fc1f4677106188ad9a55562bbade416f8b55456f522430fadab3cef7cd4e60", size = 6269951, upload-time = "2026-02-11T04:22:33.921Z" },
    { url = "https://files.pythonhosted.org/packages/a9/48/618752d06cc44bb4aae8ce0cd4e6426871929ed7b46215638088270d9b34/pillow-12.1.1-cp314-cp314t-manylinux2014_x86_64.manylinux_2_17_x86_64.whl", hash = "sha256:98edb152429ab62a1818039744d8fbb3ccab98a7c29fc3d5fcef158f3f1f68b7", size = 8074769, upload-time = "2026-02-11T04:22:35.877Z" },
    { url = "https://files.pythonhosted.org/packages/c3/bd/f1d71eb39a72fa088d938655afba3e00b38018d052752f435838961127d8/pillow-12.1.1-cp314-cp314t-manylinux_2_27_aarch64.manylinux_2_28_aarch64.whl", hash = "sha256:d470ab1178551dd17fdba0fef463359c41aaa613cdcd7ff8373f54be629f9f8f", size = 6381358, upload-time = "2026-02-11T04:22:37.698Z" },
    { url = "https://files.pythonhosted.org/packages/64/ef/c784e20b96674ed36a5af839305f55616f8b4f8aa8eeccf8531a6e312243/pillow-12.1.1-cp314-cp314t-manylinux_2_27_x86_64.manylinux_2_28_x86_64.whl", hash = "sha256:6408a7b064595afcab0a49393a413732a35788f2a5092fdc6266952ed67de586", size = 7068558, upload-time = "2026-02-11T04:22:39.597Z" },
    { url = "https://files.pythonhosted.org/packages/73/cb/8059688b74422ae61278202c4e1ad992e8a2e7375227be0a21c6b87ca8d5/pillow-12.1.1-cp314-cp314t-musllinux_1_2_aarch64.whl", hash = "sha256:5d8c41325b382c07799a3682c1c258469ea2ff97103c53717b7893862d0c98ce", size = 6493028, upload-time = "2026-02-11T04:22:42.73Z" },
    { url = "https://files.pythonhosted.org/packages/c6/da/e3c008ed7d2dd1f905b15949325934510b9d1931e5df999bb15972756818/pillow-12.1.1-cp314-cp314t-musllinux_1_2_x86_64.whl", hash = "sha256:c7697918b5be27424e9ce568193efd13d925c4481dd364e43f5dff72d33e10f8", size = 7191940, upload-time = "2026-02-11T04:22:44.543Z" },
    { url = "https://files.pythonhosted.org/packages/01/4a/9202e8d11714c1fc5951f2e1ef362f2d7fbc595e1f6717971d5dd750e969/pillow-12.1.1-cp314-cp314t-win32.whl", hash = "sha256:d2912fd8114fc5545aa3a4b5576512f64c55a03f3ebcca4c10194d593d43ea36", size = 6438736, upload-time = "2026-02-11T04:22:46.347Z" },
    { url = "https://files.pythonhosted.org/packages/f3/ca/cbce2327eb9885476b3957b2e82eb12c866a8b16ad77392864ad601022ce/pillow-12.1.1-cp314-cp314t-win_amd64.whl", hash = "sha256:4ceb838d4bd9dab43e06c363cab2eebf63846d6a4aeaea283bbdfd8f1a8ed58b", size = 7182894, upload-time = "2026-02-11T04:22:48.114Z" },
    { url = "https://files.pythonhosted.org/packages/ec/d2/de599c95ba0a973b94410477f8bf0b6f0b5e67360eb89bcb1ad365258beb/pillow-12.1.1-cp314-cp314t-win_arm64.whl", hash = "sha256:7b03048319bfc6170e93bd60728a1af51d3dd7704935feb228c4d4faab35d334", size = 2546446, upload-time = "2026-02-11T04:22:50.342Z" },
]

[[package]]
name = "pluggy"
version = "1.6.0"
source = { registry = "https://pypi.org/simple" }
sdist = { url = "https://files.pythonhosted.org/packages/f9/e2/3e91f31a7d2b083fe6ef3fa267035b518369d9511ffab804f839851d2779/pluggy-1.6.0.tar.gz", hash = "sha256:7dcc130b76258d33b90f61b658791dede3486c3e6bfb003ee5c9bfb396dd22f3", size = 69412, upload-time = "2025-05-15T12:30:07.975Z" }
wheels = [
    { url = "https://files.pythonhosted.org/packages/54/20/4d324d65cc6d9205fabedc306948156824eb9f0ee1633355a8f7ec5c66bf/pluggy-1.6.0-py3-none-any.whl", hash = "sha256:e920276dd6813095e9377c0bc5566d94c932c33b27a3e3945d8389c374dd4746", size = 20538, upload-time = "2025-05-15T12:30:06.134Z" },
]

[[package]]
name = "pygments"
version = "2.19.2"
source = { registry = "https://pypi.org/simple" }
sdist = { url = "https://files.pythonhosted.org/packages/b0/77/a5b8c569bf593b0140bde72ea885a803b82086995367bf2037de0159d924/pygments-2.19.2.tar.gz", hash = "sha256:636cb2477cec7f8952536970bc533bc43743542f70392ae026374600add5b887", size = 4968631, upload-time = "2025-06-21T13:39:12.283Z" }
wheels = [
    { url = "https://files.pythonhosted.org/packages/c7/21/705964c7812476f378728bdf590ca4b771ec72385c533964653c68e86bdc/pygments-2.19.2-py3-none-any.whl", hash = "sha256:86540386c03d588bb81d44bc3928634ff26449851e99741617ecb9037ee5ec0b", size = 1225217, upload-time = "2025-06-21T13:39:07.939Z" },
]

[[package]]
name = "pyright"
version = "1.1.408"
source = { registry = "https://pypi.org/simple" }
dependencies = [
    { name = "nodeenv" },
    { name = "typing-extensions" },
]
sdist = { url = "https://files.pythonhosted.org/packages/74/b2/5db700e52554b8f025faa9c3c624c59f1f6c8841ba81ab97641b54322f16/pyright-1.1.408.tar.gz", hash = "sha256:f28f2321f96852fa50b5829ea492f6adb0e6954568d1caa3f3af3a5f555eb684", size = 4400578, upload-time = "2026-01-08T08:07:38.795Z" }
wheels = [
    { url = "https://files.pythonhosted.org/packages/0c/82/a2c93e32800940d9573fb28c346772a14778b84ba7524e691b324620ab89/pyright-1.1.408-py3-none-any.whl", hash = "sha256:090b32865f4fdb1e0e6cd82bf5618480d48eecd2eb2e70f960982a3d9a4c17c1", size = 6399144, upload-time = "2026-01-08T08:07:37.082Z" },
]

[[package]]
name = "pytest"
version = "9.0.2"
source = { registry = "https://pypi.org/simple" }
dependencies = [
    { name = "colorama", marker = "sys_platform == 'win32'" },
    { name = "iniconfig" },
    { name = "packaging" },
    { name = "pluggy" },
    { name = "pygments" },
]
sdist = { url = "https://files.pythonhosted.org/packages/d1/db/7ef3487e0fb0049ddb5ce41d3a49c235bf9ad299b6a25d5780a89f19230f/pytest-9.0.2.tar.gz", hash = "sha256:75186651a92bd89611d1d9fc20f0b4345fd827c41ccd5c299a868a05d70edf11", size = 1568901, upload-time = "2025-12-06T21:30:51.014Z" }
wheels = [
    { url = "https://files.pythonhosted.org/packages/3b/ab/b3226f0bd7cdcf710fbede2b3548584366da3b19b5021e74f5bde2a8fa3f/pytest-9.0.2-py3-none-any.whl", hash = "sha256:711ffd45bf766d5264d487b917733b453d917afd2b0ad65223959f59089f875b", size = 374801, upload-time = "2025-12-06T21:30:49.154Z" },
]

[[package]]
name = "ruff"
version = "0.15.0"
source = { registry = "https://pypi.org/simple" }
sdist = { url = "https://files.pythonhosted.org/packages/c8/39/5cee96809fbca590abea6b46c6d1c586b49663d1d2830a751cc8fc42c666/ruff-0.15.0.tar.gz", hash = "sha256:6bdea47cdbea30d40f8f8d7d69c0854ba7c15420ec75a26f463290949d7f7e9a", size = 4524893, upload-time = "2026-02-03T17:53:35.357Z" }
wheels = [
    { url = "https://files.pythonhosted.org/packages/bc/88/3fd1b0aa4b6330d6aaa63a285bc96c9f71970351579152d231ed90914586/ruff-0.15.0-py3-none-linux_armv6l.whl", hash = "sha256:aac4ebaa612a82b23d45964586f24ae9bc23ca101919f5590bdb368d74ad5455", size = 10354332, upload-time = "2026-02-03T17:52:54.892Z" },
    { url = "https://files.pythonhosted.org/packages/72/f6/62e173fbb7eb75cc29fe2576a1e20f0a46f671a2587b5f604bfb0eaf5f6f/ruff-0.15.0-py3-none-macosx_10_12_x86_64.whl", hash = "sha256:dcd4be7cc75cfbbca24a98d04d0b9b36a270d0833241f776b788d59f4142b14d", size = 10767189, upload-time = "2026-02-03T17:53:19.778Z" },
    { url = "https://files.pythonhosted.org/packages/99/e4/968ae17b676d1d2ff101d56dc69cf333e3a4c985e1ec23803df84fc7bf9e/ruff-0.15.0-py3-none-macosx_11_0_arm64.whl", hash = "sha256:d747e3319b2bce179c7c1eaad3d884dc0a199b5f4d5187620530adf9105268ce", size = 10075384, upload-time = "2026-02-03T17:53:29.241Z" },
    { url = "https://files.pythonhosted.org/packages/a2/bf/9843c6044ab9e20af879c751487e61333ca79a2c8c3058b15722386b8cae/ruff-0.15.0-py3-none-manylinux_2_17_aarch64.manylinux2014_aarch64.whl", hash = "sha256:650bd9c56ae03102c51a5e4b554d74d825ff3abe4db22b90fd32d816c2e90621", size = 10481363, upload-time = "2026-02-03T17:52:43.332Z" },
    { url = "https://files.pythonhosted.org/packages/55/d9/4ada5ccf4cd1f532db1c8d44b6f664f2208d3d93acbeec18f82315e15193/ruff-0.15.0-py3-none-manylinux_2_17_armv7l.manylinux2014_armv7l.whl", hash = "sha256:a6664b7eac559e3048223a2da77769c2f92b43a6dfd4720cef42654299a599c9", size = 10187736, upload-time = "2026-02-03T17:53:00.522Z" },
    { url = "https://files.pythonhosted.org/packages/86/e2/f25eaecd446af7bb132af0a1d5b135a62971a41f5366ff41d06d25e77a91/ruff-0.15.0-py3-none-manylinux_2_17_i686.manylinux2014_i686.whl", hash = "sha256:6f811f97b0f092b35320d1556f3353bf238763420ade5d9e62ebd2b73f2ff179", size = 10968415, upload-time = "2026-02-03T17:53:15.705Z" },
    { url = "https://files.pythonhosted.org/packages/e7/dc/f06a8558d06333bf79b497d29a50c3a673d9251214e0d7ec78f90b30aa79/ruff-0.15.0-py3-none-manylinux_2_17_ppc64le.manylinux2014_ppc64le.whl", hash = "sha256:761ec0a66680fab6454236635a39abaf14198818c8cdf691e036f4bc0f406b2d", size = 11809643, upload-time = "2026-02-03T17:53:23.031Z" },
    { url = "https://files.pythonhosted.org/packages/dd/45/0ece8db2c474ad7df13af3a6d50f76e22a09d078af63078f005057ca59eb/ruff-0.15.0-py3-none-manylinux_2_17_s390x.manylinux2014_s390x.whl", hash = "sha256:940f11c2604d317e797b289f4f9f3fa5555ffe4fb574b55ed006c3d9b6f0eb78", size = 11234787, upload-time = "2026-02-03T17:52:46.432Z" },
    { url = "https://files.pythonhosted.org/packages/8a/d9/0e3a81467a120fd265658d127db648e4d3acfe3e4f6f5d4ea79fac47e587/ruff-0.15.0-py3-none-manylinux_2_17_x86_64.manylinux2014_x86_64.whl", hash = "sha256:bcbca3d40558789126da91d7ef9a7c87772ee107033db7191edefa34e2c7f1b4", size = 11112797, upload-time = "2026-02-03T17:52:49.274Z" },
    { url = "https://files.pythonhosted.org/packages/b2/cb/8c0b3b0c692683f8ff31351dfb6241047fa873a4481a76df4335a8bff716/ruff-0.15.0-py3-none-manylinux_2_31_riscv64.whl", hash = "sha256:9a121a96db1d75fa3eb39c4539e607f628920dd72ff1f7c5ee4f1b768ac62d6e", size = 11033133, upload-time = "2026-02-03T17:53:33.105Z" },
    { url = "https://files.pythonhosted.org/packages/f8/5e/23b87370cf0f9081a8c89a753e69a4e8778805b8802ccfe175cc410e50b9/ruff-0.15.0-py3-none-musllinux_1_2_aarch64.whl", hash = "sha256:5298d518e493061f2eabd4abd067c7e4fb89e2f63291c94332e35631c07c3662", size = 10442646, upload-time = "2026-02-03T17:53:06.278Z" },
    { url = "https://files.pythonhosted.org/packages/e1/9a/3c94de5ce642830167e6d00b5c75aacd73e6347b4c7fc6828699b150a5ee/ruff-0.15.0-py3-none-musllinux_1_2_armv7l.whl", hash = "sha256:afb6e603d6375ff0d6b0cee563fa21ab570fd15e65c852cb24922cef25050cf1", size = 10195750, upload-time = "2026-02-03T17:53:26.084Z" },
    { url = "https://files.pythonhosted.org/packages/30/15/e396325080d600b436acc970848d69df9c13977942fb62bb8722d729bee8/ruff-0.15.0-py3-none-musllinux_1_2_i686.whl", hash = "sha256:77e515f6b15f828b94dc17d2b4ace334c9ddb7d9468c54b2f9ed2b9c1593ef16", size = 10676120, upload-time = "2026-02-03T17:53:09.363Z" },
    { url = "https://files.pythonhosted.org/packages/8d/c9/229a23d52a2983de1ad0fb0ee37d36e0257e6f28bfd6b498ee2c76361874/ruff-0.15.0-py3-none-musllinux_1_2_x86_64.whl", hash = "sha256:6f6e80850a01eb13b3e42ee0ebdf6e4497151b48c35051aab51c101266d187a3", size = 11201636, upload-time = "2026-02-03T17:52:57.281Z" },
    { url = "https://files.pythonhosted.org/packages/6f/b0/69adf22f4e24f3677208adb715c578266842e6e6a3cc77483f48dd999ede/ruff-0.15.0-py3-none-win32.whl", hash = "sha256:238a717ef803e501b6d51e0bdd0d2c6e8513fe9eec14002445134d3907cd46c3", size = 10465945, upload-time = "2026-02-03T17:53:12.591Z" },
    { url = "https://files.pythonhosted.org/packages/51/ad/f813b6e2c97e9b4598be25e94a9147b9af7e60523b0cb5d94d307c15229d/ruff-0.15.0-py3-none-win_amd64.whl", hash = "sha256:dd5e4d3301dc01de614da3cdffc33d4b1b96fb89e45721f1598e5532ccf78b18", size = 11564657, upload-time = "2026-02-03T17:52:51.893Z" },
    { url = "https://files.pythonhosted.org/packages/f6/b0/2d823f6e77ebe560f4e397d078487e8d52c1516b331e3521bc75db4272ca/ruff-0.15.0-py3-none-win_arm64.whl", hash = "sha256:c480d632cc0ca3f0727acac8b7d053542d9e114a462a145d0b00e7cd658c515a", size = 10865753, upload-time = "2026-02-03T17:53:03.014Z" },
]

[[package]]
name = "typing-extensions"
version = "4.15.0"
source = { registry = "https://pypi.org/simple" }
sdist = { url = "https://files.pythonhosted.org/packages/72/94/1a15dd82efb362ac84269196e94cf00f187f7ed21c242792a923cdb1c61f/typing_extensions-4.15.0.tar.gz", hash = "sha256:0cea48d173cc12fa28ecabc3b837ea3cf6f38c6d1136f85cbaaf598984861466", size = 109391, upload-time = "2025-08-25T13:49:26.313Z" }
wheels = [
    { url = "https://files.pythonhosted.org/packages/18/67/36e9267722cc04a6b9f15c7f3441c2363321a3ea07da7ae0c0707beb2a9c/typing_extensions-4.15.0-py3-none-any.whl", hash = "sha256:f0fa19c6845758ab08074a0cfa8b7aecb71c999ca73d62883bc25cc018c4e548", size = 44614, upload-time = "2025-08-25T13:49:24.86Z" },
]
